
Microsoft Visual Studio Solution File, Format Version 12.00
# Visual Studio Version 17
VisualStudioVersion = 17.1.32210.238
MinimumVisualStudioVersion = 10.0.40219.1
Project("{FAE04EC0-301F-11D3-BF4B-00C04F79EFBC}") = "tpmodul4_1302204092", "tpmodul4_1302204092\tpmodul4_1302204092.csproj", "{1C9FAE8C-81EE-45E2-819C-150DBF7EACEC}"
EndProject
Global
	GlobalSection(SolutionConfigurationPlatforms) = preSolution
		Debug|Any CPU = Debug|Any CPU
		Release|Any CPU = Release|Any CPU
	EndGlobalSection
	GlobalSection(ProjectConfigurationPlatforms) = postSolution
		{1C9FAE8C-81EE-45E2-819C-150DBF7EACEC}.Debug|Any CPU.ActiveCfg = Debug|Any CPU
		{1C9FAE8C-81EE-45E2-819C-150DBF7EACEC}.Debug|Any CPU.Build.0 = Debug|Any CPU
		{1C9FAE8C-81EE-45E2-819C-150DBF7EACEC}.Release|Any CPU.ActiveCfg = Release|Any CPU
		{1C9FAE8C-81EE-45E2-819C-150DBF7EACEC}.Release|Any CPU.Build.0 = Release|Any CPU
	EndGlobalSection
	GlobalSection(SolutionProperties) = preSolution
		HideSolutionNode = FALSE
	EndGlobalSection
	GlobalSection(ExtensibilityGlobals) = postSolution
		SolutionGuid = {F6D87AC8-088F-4996-A609-8F310F86A8A8}
	EndGlobalSection
EndGlobal
